
Microsoft Visual Studio Solution File, Format Version 12.00
# Visual Studio 15
VisualStudioVersion = 15.0.26730.10
MinimumVisualStudioVersion = 10.0.40219.1
Project("{FAE04EC0-301F-11D3-BF4B-00C04F79EFBC}") = "New BingPhoto", "New BingPhoto\New BingPhoto.csproj", "{B5B9D053-57DA-46C9-82DA-7AFBD28FDCA7}"
EndProject
Project("{FAE04EC0-301F-11D3-BF4B-00C04F79EFBC}") = "comlib", "comlib\comlib.csproj", "{80C66893-495F-4708-8C22-6198933F00B0}"
EndProject
Project("{FAE04EC0-301F-11D3-BF4B-00C04F79EFBC}") = "Test or Demo", "Test or Demo\Test or Demo.csproj", "{83A4E0C6-1194-41A4-B0C9-2A85C94FDE9D}"
EndProject
Project("{FAE04EC0-301F-11D3-BF4B-00C04F79EFBC}") = "photolib", "photolib\photolib.csproj", "{82D2E88B-EDBC-4F41-817A-A441D1DDE4A8}"
EndProject
Global
	GlobalSection(SolutionConfigurationPlatforms) = preSolution
		Debug|Any CPU = Debug|Any CPU
		Release|Any CPU = Release|Any CPU
	EndGlobalSection
	GlobalSection(ProjectConfigurationPlatforms) = postSolution
		{B5B9D053-57DA-46C9-82DA-7AFBD28FDCA7}.Debug|Any CPU.ActiveCfg = Debug|Any CPU
		{B5B9D053-57DA-46C9-82DA-7AFBD28FDCA7}.Debug|Any CPU.Build.0 = Debug|Any CPU
		{B5B9D053-57DA-46C9-82DA-7AFBD28FDCA7}.Release|Any CPU.ActiveCfg = Release|Any CPU
		{B5B9D053-57DA-46C9-82DA-7AFBD28FDCA7}.Release|Any CPU.Build.0 = Release|Any CPU
		{80C66893-495F-4708-8C22-6198933F00B0}.Debug|Any CPU.ActiveCfg = Debug|Any CPU
		{80C66893-495F-4708-8C22-6198933F00B0}.Debug|Any CPU.Build.0 = Debug|Any CPU
		{80C66893-495F-4708-8C22-6198933F00B0}.Release|Any CPU.ActiveCfg = Release|Any CPU
		{80C66893-495F-4708-8C22-6198933F00B0}.Release|Any CPU.Build.0 = Release|Any CPU
		{83A4E0C6-1194-41A4-B0C9-2A85C94FDE9D}.Debug|Any CPU.ActiveCfg = Debug|Any CPU
		{83A4E0C6-1194-41A4-B0C9-2A85C94FDE9D}.Debug|Any CPU.Build.0 = Debug|Any CPU
		{83A4E0C6-1194-41A4-B0C9-2A85C94FDE9D}.Release|Any CPU.ActiveCfg = Release|Any CPU
		{83A4E0C6-1194-41A4-B0C9-2A85C94FDE9D}.Release|Any CPU.Build.0 = Release|Any CPU
		{82D2E88B-EDBC-4F41-817A-A441D1DDE4A8}.Debug|Any CPU.ActiveCfg = Debug|Any CPU
		{82D2E88B-EDBC-4F41-817A-A441D1DDE4A8}.Debug|Any CPU.Build.0 = Debug|Any CPU
		{82D2E88B-EDBC-4F41-817A-A441D1DDE4A8}.Release|Any CPU.ActiveCfg = Release|Any CPU
		{82D2E88B-EDBC-4F41-817A-A441D1DDE4A8}.Release|Any CPU.Build.0 = Release|Any CPU
	EndGlobalSection
	GlobalSection(SolutionProperties) = preSolution
		HideSolutionNode = FALSE
	EndGlobalSection
	GlobalSection(ExtensibilityGlobals) = postSolution
		SolutionGuid = {EDCCD637-C1C1-4EF1-8159-084F1D5A4CF4}
	EndGlobalSection
EndGlobal
